// !$*UTF8*$!
{
	archiveVersion = 1;
	classes = {
	};
	objectVersion = 51;
	objects = {

/* Begin PBXBuildFile section */
		090EA26E281BD58F007E4213 /* CellIdentifier.swift in Sources */ = {isa = PBXBuildFile; fileRef = 090EA26D281BD58F007E4213 /* CellIdentifier.swift */; };
		090EA277281BF176007E4213 /* CharactersModelDataMap.swift in Sources */ = {isa = PBXBuildFile; fileRef = 090EA276281BF176007E4213 /* CharactersModelDataMap.swift */; };
		09160AE0285C6AC80056FF21 /* CharacterDetailViewModelTest.swift in Sources */ = {isa = PBXBuildFile; fileRef = 09160ADF285C6AC80056FF21 /* CharacterDetailViewModelTest.swift */; };
		09160AE2285C7E010056FF21 /* MockCharactersFlowController.swift in Sources */ = {isa = PBXBuildFile; fileRef = 09160AE1285C7E010056FF21 /* MockCharactersFlowController.swift */; };
		092DE7EF2809A7B40042143F /* DetailsCharactersViewController.swift in Sources */ = {isa = PBXBuildFile; fileRef = 092DE7EE2809A7B40042143F /* DetailsCharactersViewController.swift */; };
		09628C1B2842AB1500A35725 /* CharacterViewModel.swift in Sources */ = {isa = PBXBuildFile; fileRef = 09628C1A2842AB1500A35725 /* CharacterViewModel.swift */; };
		09628C1F2842B3C800A35725 /* CharacterDetailViewModel.swift in Sources */ = {isa = PBXBuildFile; fileRef = 09628C1E2842B3C800A35725 /* CharacterDetailViewModel.swift */; };
		096300C0285B63BE00DB46DC /* CharacterViewModelTest.swift in Sources */ = {isa = PBXBuildFile; fileRef = 096300BF285B63BE00DB46DC /* CharacterViewModelTest.swift */; };
		096300C8285B641F00DB46DC /* CharactersNetworkServiceProtocols.swift in Sources */ = {isa = PBXBuildFile; fileRef = 096300C7285B641F00DB46DC /* CharactersNetworkServiceProtocols.swift */; };
		096300CA285B64B900DB46DC /* MockCharactersNetworkService.swift in Sources */ = {isa = PBXBuildFile; fileRef = 096300C9285B64B900DB46DC /* MockCharactersNetworkService.swift */; };
		09650352281B14FF00A71D0E /* CharacterTableCellModel.swift in Sources */ = {isa = PBXBuildFile; fileRef = 09650351281B14FF00A71D0E /* CharacterTableCellModel.swift */; };
		09650355281B164200A71D0E /* CharacterTableViewCell.swift in Sources */ = {isa = PBXBuildFile; fileRef = 09650354281B164200A71D0E /* CharacterTableViewCell.swift */; };
		098E4EC7285CBF27003AF44E /* CharacterModelRealm.swift in Sources */ = {isa = PBXBuildFile; fileRef = 098E4EC6285CBF27003AF44E /* CharacterModelRealm.swift */; };
		09A599092852207900E5F21E /* AppFlowController.swift in Sources */ = {isa = PBXBuildFile; fileRef = 09A599082852207900E5F21E /* AppFlowController.swift */; };
		09A5990E2852251400E5F21E /* CharactersFlowController.swift in Sources */ = {isa = PBXBuildFile; fileRef = 09A5990D2852251400E5F21E /* CharactersFlowController.swift */; };
		09A5991D285226E600E5F21E /* UIViewControllerExtensions.swift in Sources */ = {isa = PBXBuildFile; fileRef = 09A5991C285226E600E5F21E /* UIViewControllerExtensions.swift */; };
		09A823DB2858F74D00E012F6 /* ActivityIndicator.swift in Sources */ = {isa = PBXBuildFile; fileRef = 09A823DA2858F74D00E012F6 /* ActivityIndicator.swift */; };
		09AA6C7728088894004B00E1 /* AppDelegate.swift in Sources */ = {isa = PBXBuildFile; fileRef = 09AA6C7628088894004B00E1 /* AppDelegate.swift */; };
		09AA6C7B28088894004B00E1 /* CharactersViewController.swift in Sources */ = {isa = PBXBuildFile; fileRef = 09AA6C7A28088894004B00E1 /* CharactersViewController.swift */; };
		09AA6C8028088895004B00E1 /* Assets.xcassets in Resources */ = {isa = PBXBuildFile; fileRef = 09AA6C7F28088895004B00E1 /* Assets.xcassets */; };
		09AA6C8328088895004B00E1 /* LaunchScreen.storyboard in Resources */ = {isa = PBXBuildFile; fileRef = 09AA6C8128088895004B00E1 /* LaunchScreen.storyboard */; };
		09AA6C99280897EB004B00E1 /* CharacterModel.swift in Sources */ = {isa = PBXBuildFile; fileRef = 09AA6C98280897EB004B00E1 /* CharacterModel.swift */; };
		09AA6CA02808A4FF004B00E1 /* CharactersNetworkService.swift in Sources */ = {isa = PBXBuildFile; fileRef = 09AA6C9F2808A4FF004B00E1 /* CharactersNetworkService.swift */; };
		84319CC7C1FAA42FB727A5F6 /* Pods_RickAndMorty.framework in Frameworks */ = {isa = PBXBuildFile; fileRef = 7C07B86B3DBCD42E01A70298 /* Pods_RickAndMorty.framework */; };
		934323159BC64D726A0D5B3F /* Pods_RickAndMortyTests.framework in Frameworks */ = {isa = PBXBuildFile; fileRef = 1260CA41D71DE472D19E3F68 /* Pods_RickAndMortyTests.framework */; };
/* End PBXBuildFile section */

/* Begin PBXContainerItemProxy section */
		096300C1285B63BE00DB46DC /* PBXContainerItemProxy */ = {
			isa = PBXContainerItemProxy;
			containerPortal = 09AA6C6B28088894004B00E1 /* Project object */;
			proxyType = 1;
			remoteGlobalIDString = 09AA6C7228088894004B00E1;
			remoteInfo = RickAndMorty;
		};
/* End PBXContainerItemProxy section */

/* Begin PBXFileReference section */
		090EA26D281BD58F007E4213 /* CellIdentifier.swift */ = {isa = PBXFileReference; lastKnownFileType = sourcecode.swift; path = CellIdentifier.swift; sourceTree = "<group>"; };
		090EA276281BF176007E4213 /* CharactersModelDataMap.swift */ = {isa = PBXFileReference; lastKnownFileType = sourcecode.swift; path = CharactersModelDataMap.swift; sourceTree = "<group>"; };
		09160ADF285C6AC80056FF21 /* CharacterDetailViewModelTest.swift */ = {isa = PBXFileReference; lastKnownFileType = sourcecode.swift; path = CharacterDetailViewModelTest.swift; sourceTree = "<group>"; };
		09160AE1285C7E010056FF21 /* MockCharactersFlowController.swift */ = {isa = PBXFileReference; lastKnownFileType = sourcecode.swift; path = MockCharactersFlowController.swift; sourceTree = "<group>"; };
		092DE7EE2809A7B40042143F /* DetailsCharactersViewController.swift */ = {isa = PBXFileReference; lastKnownFileType = sourcecode.swift; path = DetailsCharactersViewController.swift; sourceTree = "<group>"; };
		09628C1A2842AB1500A35725 /* CharacterViewModel.swift */ = {isa = PBXFileReference; lastKnownFileType = sourcecode.swift; path = CharacterViewModel.swift; sourceTree = "<group>"; };
		09628C1E2842B3C800A35725 /* CharacterDetailViewModel.swift */ = {isa = PBXFileReference; lastKnownFileType = sourcecode.swift; path = CharacterDetailViewModel.swift; sourceTree = "<group>"; };
		096300BD285B63BE00DB46DC /* RickAndMortyTests.xctest */ = {isa = PBXFileReference; explicitFileType = wrapper.cfbundle; includeInIndex = 0; path = RickAndMortyTests.xctest; sourceTree = BUILT_PRODUCTS_DIR; };
		096300BF285B63BE00DB46DC /* CharacterViewModelTest.swift */ = {isa = PBXFileReference; lastKnownFileType = sourcecode.swift; path = CharacterViewModelTest.swift; sourceTree = "<group>"; };
		096300C7285B641F00DB46DC /* CharactersNetworkServiceProtocols.swift */ = {isa = PBXFileReference; lastKnownFileType = sourcecode.swift; path = CharactersNetworkServiceProtocols.swift; sourceTree = "<group>"; };
		096300C9285B64B900DB46DC /* MockCharactersNetworkService.swift */ = {isa = PBXFileReference; lastKnownFileType = sourcecode.swift; path = MockCharactersNetworkService.swift; sourceTree = "<group>"; };
		09650351281B14FF00A71D0E /* CharacterTableCellModel.swift */ = {isa = PBXFileReference; lastKnownFileType = sourcecode.swift; path = CharacterTableCellModel.swift; sourceTree = "<group>"; };
		09650354281B164200A71D0E /* CharacterTableViewCell.swift */ = {isa = PBXFileReference; lastKnownFileType = sourcecode.swift; path = CharacterTableViewCell.swift; sourceTree = "<group>"; };
		098E4EC6285CBF27003AF44E /* CharacterModelRealm.swift */ = {isa = PBXFileReference; lastKnownFileType = sourcecode.swift; path = CharacterModelRealm.swift; sourceTree = "<group>"; };
		09A599082852207900E5F21E /* AppFlowController.swift */ = {isa = PBXFileReference; lastKnownFileType = sourcecode.swift; path = AppFlowController.swift; sourceTree = "<group>"; };
		09A5990D2852251400E5F21E /* CharactersFlowController.swift */ = {isa = PBXFileReference; lastKnownFileType = sourcecode.swift; path = CharactersFlowController.swift; sourceTree = "<group>"; };
		09A5991C285226E600E5F21E /* UIViewControllerExtensions.swift */ = {isa = PBXFileReference; lastKnownFileType = sourcecode.swift; path = UIViewControllerExtensions.swift; sourceTree = "<group>"; };
		09A823DA2858F74D00E012F6 /* ActivityIndicator.swift */ = {isa = PBXFileReference; lastKnownFileType = sourcecode.swift; path = ActivityIndicator.swift; sourceTree = "<group>"; };
		09AA6C7328088894004B00E1 /* RickAndMorty.app */ = {isa = PBXFileReference; explicitFileType = wrapper.application; includeInIndex = 0; path = RickAndMorty.app; sourceTree = BUILT_PRODUCTS_DIR; };
		09AA6C7628088894004B00E1 /* AppDelegate.swift */ = {isa = PBXFileReference; lastKnownFileType = sourcecode.swift; path = AppDelegate.swift; sourceTree = "<group>"; };
		09AA6C7A28088894004B00E1 /* CharactersViewController.swift */ = {isa = PBXFileReference; lastKnownFileType = sourcecode.swift; path = CharactersViewController.swift; sourceTree = "<group>"; };
		09AA6C7F28088895004B00E1 /* Assets.xcassets */ = {isa = PBXFileReference; lastKnownFileType = folder.assetcatalog; path = Assets.xcassets; sourceTree = "<group>"; };
		09AA6C8228088895004B00E1 /* Base */ = {isa = PBXFileReference; lastKnownFileType = file.storyboard; name = Base; path = Base.lproj/LaunchScreen.storyboard; sourceTree = "<group>"; };
		09AA6C8428088895004B00E1 /* Info.plist */ = {isa = PBXFileReference; lastKnownFileType = text.plist.xml; path = Info.plist; sourceTree = "<group>"; };
		09AA6C98280897EB004B00E1 /* CharacterModel.swift */ = {isa = PBXFileReference; lastKnownFileType = sourcecode.swift; path = CharacterModel.swift; sourceTree = "<group>"; };
		09AA6C9F2808A4FF004B00E1 /* CharactersNetworkService.swift */ = {isa = PBXFileReference; lastKnownFileType = sourcecode.swift; path = CharactersNetworkService.swift; sourceTree = "<group>"; };
		1260CA41D71DE472D19E3F68 /* Pods_RickAndMortyTests.framework */ = {isa = PBXFileReference; explicitFileType = wrapper.framework; includeInIndex = 0; path = Pods_RickAndMortyTests.framework; sourceTree = BUILT_PRODUCTS_DIR; };
		66B1697DFEECC4A5AD5A2ABB /* Pods-RickAndMorty.release.xcconfig */ = {isa = PBXFileReference; includeInIndex = 1; lastKnownFileType = text.xcconfig; name = "Pods-RickAndMorty.release.xcconfig"; path = "Target Support Files/Pods-RickAndMorty/Pods-RickAndMorty.release.xcconfig"; sourceTree = "<group>"; };
		7C07B86B3DBCD42E01A70298 /* Pods_RickAndMorty.framework */ = {isa = PBXFileReference; explicitFileType = wrapper.framework; includeInIndex = 0; path = Pods_RickAndMorty.framework; sourceTree = BUILT_PRODUCTS_DIR; };
		8249B117AD381421209EEE6C /* Pods-RickAndMortyTests.debug.xcconfig */ = {isa = PBXFileReference; includeInIndex = 1; lastKnownFileType = text.xcconfig; name = "Pods-RickAndMortyTests.debug.xcconfig"; path = "Target Support Files/Pods-RickAndMortyTests/Pods-RickAndMortyTests.debug.xcconfig"; sourceTree = "<group>"; };
		87067279857F0B4749EDB97A /* Pods-RickAndMortyTests.release.xcconfig */ = {isa = PBXFileReference; includeInIndex = 1; lastKnownFileType = text.xcconfig; name = "Pods-RickAndMortyTests.release.xcconfig"; path = "Target Support Files/Pods-RickAndMortyTests/Pods-RickAndMortyTests.release.xcconfig"; sourceTree = "<group>"; };
		EB995F6132EA05A4A4E6B27F /* Pods-RickAndMorty.debug.xcconfig */ = {isa = PBXFileReference; includeInIndex = 1; lastKnownFileType = text.xcconfig; name = "Pods-RickAndMorty.debug.xcconfig"; path = "Target Support Files/Pods-RickAndMorty/Pods-RickAndMorty.debug.xcconfig"; sourceTree = "<group>"; };
/* End PBXFileReference section */

/* Begin PBXFrameworksBuildPhase section */
		096300BA285B63BE00DB46DC /* Frameworks */ = {
			isa = PBXFrameworksBuildPhase;
			buildActionMask = 2147483647;
			files = (
				934323159BC64D726A0D5B3F /* Pods_RickAndMortyTests.framework in Frameworks */,
			);
			runOnlyForDeploymentPostprocessing = 0;
		};
		09AA6C7028088894004B00E1 /* Frameworks */ = {
			isa = PBXFrameworksBuildPhase;
			buildActionMask = 2147483647;
			files = (
				84319CC7C1FAA42FB727A5F6 /* Pods_RickAndMorty.framework in Frameworks */,
			);
			runOnlyForDeploymentPostprocessing = 0;
		};
/* End PBXFrameworksBuildPhase section */

/* Begin PBXGroup section */
		06CF3DC72DCB27FA38C75CA0 /* Pods */ = {
			isa = PBXGroup;
			children = (
				EB995F6132EA05A4A4E6B27F /* Pods-RickAndMorty.debug.xcconfig */,
				66B1697DFEECC4A5AD5A2ABB /* Pods-RickAndMorty.release.xcconfig */,
				8249B117AD381421209EEE6C /* Pods-RickAndMortyTests.debug.xcconfig */,
				87067279857F0B4749EDB97A /* Pods-RickAndMortyTests.release.xcconfig */,
			);
			path = Pods;
			sourceTree = "<group>";
		};
		09628C182842A6D100A35725 /* ViewModel */ = {
			isa = PBXGroup;
			children = (
				09628C1A2842AB1500A35725 /* CharacterViewModel.swift */,
				09628C1E2842B3C800A35725 /* CharacterDetailViewModel.swift */,
			);
			path = ViewModel;
			sourceTree = "<group>";
		};
		096300BE285B63BE00DB46DC /* RickAndMortyTests */ = {
			isa = PBXGroup;
			children = (
				096300BF285B63BE00DB46DC /* CharacterViewModelTest.swift */,
				09160ADF285C6AC80056FF21 /* CharacterDetailViewModelTest.swift */,
				096300C9285B64B900DB46DC /* MockCharactersNetworkService.swift */,
				09160AE1285C7E010056FF21 /* MockCharactersFlowController.swift */,
			);
			path = RickAndMortyTests;
			sourceTree = "<group>";
		};
		096300C6285B63EE00DB46DC /* Protocols */ = {
			isa = PBXGroup;
			children = (
				096300C7285B641F00DB46DC /* CharactersNetworkServiceProtocols.swift */,
			);
			path = Protocols;
			sourceTree = "<group>";
		};
		09A599062852202F00E5F21E /* Application */ = {
			isa = PBXGroup;
			children = (
				09AA6C7628088894004B00E1 /* AppDelegate.swift */,
				09A599082852207900E5F21E /* AppFlowController.swift */,
			);
			path = Application;
			sourceTree = "<group>";
		};
		09A5990C2852248E00E5F21E /* Flows */ = {
			isa = PBXGroup;
			children = (
				09A5990D2852251400E5F21E /* CharactersFlowController.swift */,
			);
			path = Flows;
			sourceTree = "<group>";
		};
		09A599142852267C00E5F21E /* Extensions */ = {
			isa = PBXGroup;
			children = (
				09A5991C285226E600E5F21E /* UIViewControllerExtensions.swift */,
			);
			path = Extensions;
			sourceTree = "<group>";
		};
		09AA6C6A28088894004B00E1 = {
			isa = PBXGroup;
			children = (
				09AA6C7528088894004B00E1 /* RickAndMorty */,
				096300BE285B63BE00DB46DC /* RickAndMortyTests */,
				09AA6C7428088894004B00E1 /* Products */,
				06CF3DC72DCB27FA38C75CA0 /* Pods */,
				62534BDC72AB8A657AE3DC70 /* Frameworks */,
			);
			sourceTree = "<group>";
		};
		09AA6C7428088894004B00E1 /* Products */ = {
			isa = PBXGroup;
			children = (
				09AA6C7328088894004B00E1 /* RickAndMorty.app */,
				096300BD285B63BE00DB46DC /* RickAndMortyTests.xctest */,
			);
			name = Products;
			sourceTree = "<group>";
		};
		09AA6C7528088894004B00E1 /* RickAndMorty */ = {
			isa = PBXGroup;
			children = (
				09628C182842A6D100A35725 /* ViewModel */,
				09AA6C922808902C004B00E1 /* Models */,
				09AA6C912808901C004B00E1 /* View */,
				09A5990C2852248E00E5F21E /* Flows */,
				09AA6C9E2808A49C004B00E1 /* Network Service */,
				09A599062852202F00E5F21E /* Application */,
				09A599142852267C00E5F21E /* Extensions */,
				096300C6285B63EE00DB46DC /* Protocols */,
				09AA6C9028089000004B00E1 /* Supporting files */,
			);
			path = RickAndMorty;
			sourceTree = "<group>";
		};
		09AA6C9028089000004B00E1 /* Supporting files */ = {
			isa = PBXGroup;
			children = (
				090EA26D281BD58F007E4213 /* CellIdentifier.swift */,
				09AA6C7F28088895004B00E1 /* Assets.xcassets */,
				09AA6C8128088895004B00E1 /* LaunchScreen.storyboard */,
				09AA6C8428088895004B00E1 /* Info.plist */,
			);
			path = "Supporting files";
			sourceTree = "<group>";
		};
		09AA6C912808901C004B00E1 /* View */ = {
			isa = PBXGroup;
			children = (
				09AA6C9328089033004B00E1 /* TableViewCell */,
				09AA6C7A28088894004B00E1 /* CharactersViewController.swift */,
				092DE7EE2809A7B40042143F /* DetailsCharactersViewController.swift */,
				09A823DA2858F74D00E012F6 /* ActivityIndicator.swift */,
			);
			path = View;
			sourceTree = "<group>";
		};
		09AA6C922808902C004B00E1 /* Models */ = {
			isa = PBXGroup;
			children = (
				09AA6C98280897EB004B00E1 /* CharacterModel.swift */,
				090EA276281BF176007E4213 /* CharactersModelDataMap.swift */,
				098E4EC6285CBF27003AF44E /* CharacterModelRealm.swift */,
			);
			path = Models;
			sourceTree = "<group>";
		};
		09AA6C9328089033004B00E1 /* TableViewCell */ = {
			isa = PBXGroup;
			children = (
				09650351281B14FF00A71D0E /* CharacterTableCellModel.swift */,
				09650354281B164200A71D0E /* CharacterTableViewCell.swift */,
			);
			path = TableViewCell;
			sourceTree = "<group>";
		};
		09AA6C9E2808A49C004B00E1 /* Network Service */ = {
			isa = PBXGroup;
			children = (
				09AA6C9F2808A4FF004B00E1 /* CharactersNetworkService.swift */,
			);
			path = "Network Service";
			sourceTree = "<group>";
		};
		62534BDC72AB8A657AE3DC70 /* Frameworks */ = {
			isa = PBXGroup;
			children = (
				7C07B86B3DBCD42E01A70298 /* Pods_RickAndMorty.framework */,
				1260CA41D71DE472D19E3F68 /* Pods_RickAndMortyTests.framework */,
			);
			name = Frameworks;
			sourceTree = "<group>";
		};
/* End PBXGroup section */

/* Begin PBXNativeTarget section */
		096300BC285B63BE00DB46DC /* RickAndMortyTests */ = {
			isa = PBXNativeTarget;
			buildConfigurationList = 096300C5285B63BE00DB46DC /* Build configuration list for PBXNativeTarget "RickAndMortyTests" */;
			buildPhases = (
				334D169B64FFCA594C043819 /* [CP] Check Pods Manifest.lock */,
				096300B9285B63BE00DB46DC /* Sources */,
				096300BA285B63BE00DB46DC /* Frameworks */,
				096300BB285B63BE00DB46DC /* Resources */,
				0EC8AF4C955A01D009A34513 /* [CP] Embed Pods Frameworks */,
			);
			buildRules = (
			);
			dependencies = (
				096300C2285B63BE00DB46DC /* PBXTargetDependency */,
			);
			name = RickAndMortyTests;
			productName = RickAndMortyTests;
			productReference = 096300BD285B63BE00DB46DC /* RickAndMortyTests.xctest */;
			productType = "com.apple.product-type.bundle.unit-test";
		};
		09AA6C7228088894004B00E1 /* RickAndMorty */ = {
			isa = PBXNativeTarget;
			buildConfigurationList = 09AA6C8728088895004B00E1 /* Build configuration list for PBXNativeTarget "RickAndMorty" */;
			buildPhases = (
				F2FFCFD847A90631114AB0AE /* [CP] Check Pods Manifest.lock */,
				09AA6C6F28088894004B00E1 /* Sources */,
				09AA6C7028088894004B00E1 /* Frameworks */,
				09AA6C7128088894004B00E1 /* Resources */,
				C6505474EAC1E1CE14397E6D /* [CP] Embed Pods Frameworks */,
			);
			buildRules = (
			);
			dependencies = (
			);
			name = RickAndMorty;
			productName = RickAndMorty;
			productReference = 09AA6C7328088894004B00E1 /* RickAndMorty.app */;
			productType = "com.apple.product-type.application";
		};
/* End PBXNativeTarget section */

/* Begin PBXProject section */
		09AA6C6B28088894004B00E1 /* Project object */ = {
			isa = PBXProject;
			attributes = {
				LastSwiftUpdateCheck = 1340;
				LastUpgradeCheck = 1240;
				TargetAttributes = {
					096300BC285B63BE00DB46DC = {
						CreatedOnToolsVersion = 13.4.1;
						TestTargetID = 09AA6C7228088894004B00E1;
					};
					09AA6C7228088894004B00E1 = {
						CreatedOnToolsVersion = 12.4;
					};
				};
			};
			buildConfigurationList = 09AA6C6E28088894004B00E1 /* Build configuration list for PBXProject "RickAndMorty" */;
			compatibilityVersion = "Xcode 9.3";
			developmentRegion = en;
			hasScannedForEncodings = 0;
			knownRegions = (
				en,
				Base,
			);
			mainGroup = 09AA6C6A28088894004B00E1;
			productRefGroup = 09AA6C7428088894004B00E1 /* Products */;
			projectDirPath = "";
			projectRoot = "";
			targets = (
				09AA6C7228088894004B00E1 /* RickAndMorty */,
				096300BC285B63BE00DB46DC /* RickAndMortyTests */,
			);
		};
/* End PBXProject section */

/* Begin PBXResourcesBuildPhase section */
		096300BB285B63BE00DB46DC /* Resources */ = {
			isa = PBXResourcesBuildPhase;
			buildActionMask = 2147483647;
			files = (
			);
			runOnlyForDeploymentPostprocessing = 0;
		};
		09AA6C7128088894004B00E1 /* Resources */ = {
			isa = PBXResourcesBuildPhase;
			buildActionMask = 2147483647;
			files = (
				09AA6C8328088895004B00E1 /* LaunchScreen.storyboard in Resources */,
				09AA6C8028088895004B00E1 /* Assets.xcassets in Resources */,
			);
			runOnlyForDeploymentPostprocessing = 0;
		};
/* End PBXResourcesBuildPhase section */

/* Begin PBXShellScriptBuildPhase section */
		0EC8AF4C955A01D009A34513 /* [CP] Embed Pods Frameworks */ = {
			isa = PBXShellScriptBuildPhase;
			buildActionMask = 2147483647;
			files = (
			);
			inputFileListPaths = (
				"${PODS_ROOT}/Target Support Files/Pods-RickAndMortyTests/Pods-RickAndMortyTests-frameworks-${CONFIGURATION}-input-files.xcfilelist",
			);
			name = "[CP] Embed Pods Frameworks";
			outputFileListPaths = (
				"${PODS_ROOT}/Target Support Files/Pods-RickAndMortyTests/Pods-RickAndMortyTests-frameworks-${CONFIGURATION}-output-files.xcfilelist",
			);
			runOnlyForDeploymentPostprocessing = 0;
			shellPath = /bin/sh;
			shellScript = "\"${PODS_ROOT}/Target Support Files/Pods-RickAndMortyTests/Pods-RickAndMortyTests-frameworks.sh\"\n";
			showEnvVarsInLog = 0;
		};
		334D169B64FFCA594C043819 /* [CP] Check Pods Manifest.lock */ = {
			isa = PBXShellScriptBuildPhase;
			buildActionMask = 2147483647;
			files = (
			);
			inputFileListPaths = (
			);
			inputPaths = (
				"${PODS_PODFILE_DIR_PATH}/Podfile.lock",
				"${PODS_ROOT}/Manifest.lock",
			);
			name = "[CP] Check Pods Manifest.lock";
			outputFileListPaths = (
			);
			outputPaths = (
				"$(DERIVED_FILE_DIR)/Pods-RickAndMortyTests-checkManifestLockResult.txt",
			);
			runOnlyForDeploymentPostprocessing = 0;
			shellPath = /bin/sh;
			shellScript = "diff \"${PODS_PODFILE_DIR_PATH}/Podfile.lock\" \"${PODS_ROOT}/Manifest.lock\" > /dev/null\nif [ $? != 0 ] ; then\n    # print error to STDERR\n    echo \"error: The sandbox is not in sync with the Podfile.lock. Run 'pod install' or update your CocoaPods installation.\" >&2\n    exit 1\nfi\n# This output is used by Xcode 'outputs' to avoid re-running this script phase.\necho \"SUCCESS\" > \"${SCRIPT_OUTPUT_FILE_0}\"\n";
			showEnvVarsInLog = 0;
		};
		C6505474EAC1E1CE14397E6D /* [CP] Embed Pods Frameworks */ = {
			isa = PBXShellScriptBuildPhase;
			buildActionMask = 2147483647;
			files = (
			);
			inputFileListPaths = (
				"${PODS_ROOT}/Target Support Files/Pods-RickAndMorty/Pods-RickAndMorty-frameworks-${CONFIGURATION}-input-files.xcfilelist",
			);
			name = "[CP] Embed Pods Frameworks";
			outputFileListPaths = (
				"${PODS_ROOT}/Target Support Files/Pods-RickAndMorty/Pods-RickAndMorty-frameworks-${CONFIGURATION}-output-files.xcfilelist",
			);
			runOnlyForDeploymentPostprocessing = 0;
			shellPath = /bin/sh;
			shellScript = "\"${PODS_ROOT}/Target Support Files/Pods-RickAndMorty/Pods-RickAndMorty-frameworks.sh\"\n";
			showEnvVarsInLog = 0;
		};
		F2FFCFD847A90631114AB0AE /* [CP] Check Pods Manifest.lock */ = {
			isa = PBXShellScriptBuildPhase;
			buildActionMask = 2147483647;
			files = (
			);
			inputFileListPaths = (
			);
			inputPaths = (
				"${PODS_PODFILE_DIR_PATH}/Podfile.lock",
				"${PODS_ROOT}/Manifest.lock",
			);
			name = "[CP] Check Pods Manifest.lock";
			outputFileListPaths = (
			);
			outputPaths = (
				"$(DERIVED_FILE_DIR)/Pods-RickAndMorty-checkManifestLockResult.txt",
			);
			runOnlyForDeploymentPostprocessing = 0;
			shellPath = /bin/sh;
			shellScript = "diff \"${PODS_PODFILE_DIR_PATH}/Podfile.lock\" \"${PODS_ROOT}/Manifest.lock\" > /dev/null\nif [ $? != 0 ] ; then\n    # print error to STDERR\n    echo \"error: The sandbox is not in sync with the Podfile.lock. Run 'pod install' or update your CocoaPods installation.\" >&2\n    exit 1\nfi\n# This output is used by Xcode 'outputs' to avoid re-running this script phase.\necho \"SUCCESS\" > \"${SCRIPT_OUTPUT_FILE_0}\"\n";
			showEnvVarsInLog = 0;
		};
/* End PBXShellScriptBuildPhase section */

/* Begin PBXSourcesBuildPhase section */
		096300B9285B63BE00DB46DC /* Sources */ = {
			isa = PBXSourcesBuildPhase;
			buildActionMask = 2147483647;
			files = (
				096300CA285B64B900DB46DC /* MockCharactersNetworkService.swift in Sources */,
				096300C0285B63BE00DB46DC /* CharacterViewModelTest.swift in Sources */,
				09160AE0285C6AC80056FF21 /* CharacterDetailViewModelTest.swift in Sources */,
				09160AE2285C7E010056FF21 /* MockCharactersFlowController.swift in Sources */,
			);
			runOnlyForDeploymentPostprocessing = 0;
		};
		09AA6C6F28088894004B00E1 /* Sources */ = {
			isa = PBXSourcesBuildPhase;
			buildActionMask = 2147483647;
			files = (
				09A823DB2858F74D00E012F6 /* ActivityIndicator.swift in Sources */,
				09628C1B2842AB1500A35725 /* CharacterViewModel.swift in Sources */,
				096300C8285B641F00DB46DC /* CharactersNetworkServiceProtocols.swift in Sources */,
				09AA6C7B28088894004B00E1 /* CharactersViewController.swift in Sources */,
				092DE7EF2809A7B40042143F /* DetailsCharactersViewController.swift in Sources */,
				09A599092852207900E5F21E /* AppFlowController.swift in Sources */,
				098E4EC7285CBF27003AF44E /* CharacterModelRealm.swift in Sources */,
				09AA6C7728088894004B00E1 /* AppDelegate.swift in Sources */,
				09650352281B14FF00A71D0E /* CharacterTableCellModel.swift in Sources */,
				09A5991D285226E600E5F21E /* UIViewControllerExtensions.swift in Sources */,
				09AA6C99280897EB004B00E1 /* CharacterModel.swift in Sources */,
				090EA26E281BD58F007E4213 /* CellIdentifier.swift in Sources */,
				090EA277281BF176007E4213 /* CharactersModelDataMap.swift in Sources */,
				09650355281B164200A71D0E /* CharacterTableViewCell.swift in Sources */,
				09A5990E2852251400E5F21E /* CharactersFlowController.swift in Sources */,
				09628C1F2842B3C800A35725 /* CharacterDetailViewModel.swift in Sources */,
				09AA6CA02808A4FF004B00E1 /* CharactersNetworkService.swift in Sources */,
			);
			runOnlyForDeploymentPostprocessing = 0;
		};
/* End PBXSourcesBuildPhase section */

/* Begin PBXTargetDependency section */
		096300C2285B63BE00DB46DC /* PBXTargetDependency */ = {
			isa = PBXTargetDependency;
			target = 09AA6C7228088894004B00E1 /* RickAndMorty */;
			targetProxy = 096300C1285B63BE00DB46DC /* PBXContainerItemProxy */;
		};
/* End PBXTargetDependency section */

/* Begin PBXVariantGroup section */
		09AA6C8128088895004B00E1 /* LaunchScreen.storyboard */ = {
			isa = PBXVariantGroup;
			children = (
				09AA6C8228088895004B00E1 /* Base */,
			);
			name = LaunchScreen.storyboard;
			sourceTree = "<group>";
		};
/* End PBXVariantGroup section */

/* Begin XCBuildConfiguration section */
		096300C3285B63BE00DB46DC /* Debug */ = {
			isa = XCBuildConfiguration;
			baseConfigurationReference = 8249B117AD381421209EEE6C /* Pods-RickAndMortyTests.debug.xcconfig */;
			buildSettings = {
				BUNDLE_LOADER = "$(TEST_HOST)";
				CLANG_CXX_LANGUAGE_STANDARD = "gnu++17";
				CODE_SIGN_STYLE = Automatic;
				CURRENT_PROJECT_VERSION = 1;
				GENERATE_INFOPLIST_FILE = YES;
				IPHONEOS_DEPLOYMENT_TARGET = 15.5;
				MARKETING_VERSION = 1.0;
				PRODUCT_BUNDLE_IDENTIFIER = Ilya.RickAndMortyTests;
				PRODUCT_NAME = "$(TARGET_NAME)";
				SWIFT_EMIT_LOC_STRINGS = NO;
				SWIFT_VERSION = 5.0;
				TARGETED_DEVICE_FAMILY = "1,2";
				TEST_HOST = "$(BUILT_PRODUCTS_DIR)/RickAndMorty.app/RickAndMorty";
			};
			name = Debug;
		};
		096300C4285B63BE00DB46DC /* Release */ = {
			isa = XCBuildConfiguration;
			baseConfigurationReference = 87067279857F0B4749EDB97A /* Pods-RickAndMortyTests.release.xcconfig */;
			buildSettings = {
				BUNDLE_LOADER = "$(TEST_HOST)";
				CLANG_CXX_LANGUAGE_STANDARD = "gnu++17";
				CODE_SIGN_STYLE = Automatic;
				CURRENT_PROJECT_VERSION = 1;
				GENERATE_INFOPLIST_FILE = YES;
				IPHONEOS_DEPLOYMENT_TARGET = 15.5;
				MARKETING_VERSION = 1.0;
				PRODUCT_BUNDLE_IDENTIFIER = Ilya.RickAndMortyTests;
				PRODUCT_NAME = "$(TARGET_NAME)";
				SWIFT_EMIT_LOC_STRINGS = NO;
				SWIFT_VERSION = 5.0;
				TARGETED_DEVICE_FAMILY = "1,2";
				TEST_HOST = "$(BUILT_PRODUCTS_DIR)/RickAndMorty.app/RickAndMorty";
			};
			name = Release;
		};
		09AA6C8528088895004B00E1 /* Debug */ = {
			isa = XCBuildConfiguration;
			buildSettings = {
				ALWAYS_SEARCH_USER_PATHS = NO;
				CLANG_ANALYZER_NONNULL = YES;
				CLANG_ANALYZER_NUMBER_OBJECT_CONVERSION = YES_AGGRESSIVE;
				CLANG_CXX_LANGUAGE_STANDARD = "gnu++14";
				CLANG_CXX_LIBRARY = "libc++";
				CLANG_ENABLE_MODULES = YES;
				CLANG_ENABLE_OBJC_ARC = YES;
				CLANG_ENABLE_OBJC_WEAK = YES;
				CLANG_WARN_BLOCK_CAPTURE_AUTORELEASING = YES;
				CLANG_WARN_BOOL_CONVERSION = YES;
				CLANG_WARN_COMMA = YES;
				CLANG_WARN_CONSTANT_CONVERSION = YES;
				CLANG_WARN_DEPRECATED_OBJC_IMPLEMENTATIONS = YES;
				CLANG_WARN_DIRECT_OBJC_ISA_USAGE = YES_ERROR;
				CLANG_WARN_DOCUMENTATION_COMMENTS = YES;
				CLANG_WARN_EMPTY_BODY = YES;
				CLANG_WARN_ENUM_CONVERSION = YES;
				CLANG_WARN_INFINITE_RECURSION = YES;
				CLANG_WARN_INT_CONVERSION = YES;
				CLANG_WARN_NON_LITERAL_NULL_CONVERSION = YES;
				CLANG_WARN_OBJC_IMPLICIT_RETAIN_SELF = YES;
				CLANG_WARN_OBJC_LITERAL_CONVERSION = YES;
				CLANG_WARN_OBJC_ROOT_CLASS = YES_ERROR;
				CLANG_WARN_QUOTED_INCLUDE_IN_FRAMEWORK_HEADER = YES;
				CLANG_WARN_RANGE_LOOP_ANALYSIS = YES;
				CLANG_WARN_STRICT_PROTOTYPES = YES;
				CLANG_WARN_SUSPICIOUS_MOVE = YES;
				CLANG_WARN_UNGUARDED_AVAILABILITY = YES_AGGRESSIVE;
				CLANG_WARN_UNREACHABLE_CODE = YES;
				CLANG_WARN__DUPLICATE_METHOD_MATCH = YES;
				COPY_PHASE_STRIP = NO;
				DEBUG_INFORMATION_FORMAT = dwarf;
				ENABLE_STRICT_OBJC_MSGSEND = YES;
				ENABLE_TESTABILITY = YES;
				GCC_C_LANGUAGE_STANDARD = gnu11;
				GCC_DYNAMIC_NO_PIC = NO;
				GCC_NO_COMMON_BLOCKS = YES;
				GCC_OPTIMIZATION_LEVEL = 0;
				GCC_PREPROCESSOR_DEFINITIONS = (
					"DEBUG=1",
					"$(inherited)",
				);
				GCC_WARN_64_TO_32_BIT_CONVERSION = YES;
				GCC_WARN_ABOUT_RETURN_TYPE = YES_ERROR;
				GCC_WARN_UNDECLARED_SELECTOR = YES;
				GCC_WARN_UNINITIALIZED_AUTOS = YES_AGGRESSIVE;
				GCC_WARN_UNUSED_FUNCTION = YES;
				GCC_WARN_UNUSED_VARIABLE = YES;
				IPHONEOS_DEPLOYMENT_TARGET = 14.4;
				MTL_ENABLE_DEBUG_INFO = INCLUDE_SOURCE;
				MTL_FAST_MATH = YES;
				ONLY_ACTIVE_ARCH = YES;
				SDKROOT = iphoneos;
				SWIFT_ACTIVE_COMPILATION_CONDITIONS = DEBUG;
				SWIFT_OPTIMIZATION_LEVEL = "-Onone";
			};
			name = Debug;
		};
		09AA6C8628088895004B00E1 /* Release */ = {
			isa = XCBuildConfiguration;
			buildSettings = {
				ALWAYS_SEARCH_USER_PATHS = NO;
				CLANG_ANALYZER_NONNULL = YES;
				CLANG_ANALYZER_NUMBER_OBJECT_CONVERSION = YES_AGGRESSIVE;
				CLANG_CXX_LANGUAGE_STANDARD = "gnu++14";
				CLANG_CXX_LIBRARY = "libc++";
				CLANG_ENABLE_MODULES = YES;
				CLANG_ENABLE_OBJC_ARC = YES;
				CLANG_ENABLE_OBJC_WEAK = YES;
				CLANG_WARN_BLOCK_CAPTURE_AUTORELEASING = YES;
				CLANG_WARN_BOOL_CONVERSION = YES;
				CLANG_WARN_COMMA = YES;
				CLANG_WARN_CONSTANT_CONVERSION = YES;
				CLANG_WARN_DEPRECATED_OBJC_IMPLEMENTATIONS = YES;
				CLANG_WARN_DIRECT_OBJC_ISA_USAGE = YES_ERROR;
				CLANG_WARN_DOCUMENTATION_COMMENTS = YES;
				CLANG_WARN_EMPTY_BODY = YES;
				CLANG_WARN_ENUM_CONVERSION = YES;
				CLANG_WARN_INFINITE_RECURSION = YES;
				CLANG_WARN_INT_CONVERSION = YES;
				CLANG_WARN_NON_LITERAL_NULL_CONVERSION = YES;
				CLANG_WARN_OBJC_IMPLICIT_RETAIN_SELF = YES;
				CLANG_WARN_OBJC_LITERAL_CONVERSION = YES;
				CLANG_WARN_OBJC_ROOT_CLASS = YES_ERROR;
				CLANG_WARN_QUOTED_INCLUDE_IN_FRAMEWORK_HEADER = YES;
				CLANG_WARN_RANGE_LOOP_ANALYSIS = YES;
				CLANG_WARN_STRICT_PROTOTYPES = YES;
				CLANG_WARN_SUSPICIOUS_MOVE = YES;
				CLANG_WARN_UNGUARDED_AVAILABILITY = YES_AGGRESSIVE;
				CLANG_WARN_UNREACHABLE_CODE = YES;
				CLANG_WARN__DUPLICATE_METHOD_MATCH = YES;
				COPY_PHASE_STRIP = NO;
				DEBUG_INFORMATION_FORMAT = "dwarf-with-dsym";
				ENABLE_NS_ASSERTIONS = NO;
				ENABLE_STRICT_OBJC_MSGSEND = YES;
				GCC_C_LANGUAGE_STANDARD = gnu11;
				GCC_NO_COMMON_BLOCKS = YES;
				GCC_WARN_64_TO_32_BIT_CONVERSION = YES;
				GCC_WARN_ABOUT_RETURN_TYPE = YES_ERROR;
				GCC_WARN_UNDECLARED_SELECTOR = YES;
				GCC_WARN_UNINITIALIZED_AUTOS = YES_AGGRESSIVE;
				GCC_WARN_UNUSED_FUNCTION = YES;
				GCC_WARN_UNUSED_VARIABLE = YES;
				IPHONEOS_DEPLOYMENT_TARGET = 14.4;
				MTL_ENABLE_DEBUG_INFO = NO;
				MTL_FAST_MATH = YES;
				SDKROOT = iphoneos;
				SWIFT_COMPILATION_MODE = wholemodule;
				SWIFT_OPTIMIZATION_LEVEL = "-O";
				VALIDATE_PRODUCT = YES;
			};
			name = Release;
		};
		09AA6C8828088895004B00E1 /* Debug */ = {
			isa = XCBuildConfiguration;
			baseConfigurationReference = EB995F6132EA05A4A4E6B27F /* Pods-RickAndMorty.debug.xcconfig */;
			buildSettings = {
				ASSETCATALOG_COMPILER_APPICON_NAME = AppIcon;
				ASSETCATALOG_COMPILER_GLOBAL_ACCENT_COLOR_NAME = AccentColor;
				CODE_SIGN_STYLE = Automatic;
				DEVELOPMENT_TEAM = 465CZ4TQ6V;
				INFOPLIST_FILE = "RickAndMorty/Supporting files/Info.plist";
				IPHONEOS_DEPLOYMENT_TARGET = 14.0;
				LD_RUNPATH_SEARCH_PATHS = (
					"$(inherited)",
					"@executable_path/Frameworks",
				);
				PRODUCT_BUNDLE_IDENTIFIER = ilya.RickAndMorty;
				PRODUCT_NAME = "$(TARGET_NAME)";
				SWIFT_VERSION = 5.0;
				TARGETED_DEVICE_FAMILY = "1,2";
			};
			name = Debug;
		};
		09AA6C8928088895004B00E1 /* Release */ = {
			isa = XCBuildConfiguration;
			baseConfigurationReference = 66B1697DFEECC4A5AD5A2ABB /* Pods-RickAndMorty.release.xcconfig */;
			buildSettings = {
				ASSETCATALOG_COMPILER_APPICON_NAME = AppIcon;
				ASSETCATALOG_COMPILER_GLOBAL_ACCENT_COLOR_NAME = AccentColor;
				CODE_SIGN_STYLE = Automatic;
				DEVELOPMENT_TEAM = 465CZ4TQ6V;
				INFOPLIST_FILE = "RickAndMorty/Supporting files/Info.plist";
				IPHONEOS_DEPLOYMENT_TARGET = 14.0;
				LD_RUNPATH_SEARCH_PATHS = (
					"$(inherited)",
					"@executable_path/Frameworks",
				);
				PRODUCT_BUNDLE_IDENTIFIER = ilya.RickAndMorty;
				PRODUCT_NAME = "$(TARGET_NAME)";
				SWIFT_VERSION = 5.0;
				TARGETED_DEVICE_FAMILY = "1,2";
			};
			name = Release;
		};
/* End XCBuildConfiguration section */

/* Begin XCConfigurationList section */
		096300C5285B63BE00DB46DC /* Build configuration list for PBXNativeTarget "RickAndMortyTests" */ = {
			isa = XCConfigurationList;
			buildConfigurations = (
				096300C3285B63BE00DB46DC /* Debug */,
				096300C4285B63BE00DB46DC /* Release */,
			);
			defaultConfigurationIsVisible = 0;
			defaultConfigurationName = Release;
		};
		09AA6C6E28088894004B00E1 /* Build configuration list for PBXProject "RickAndMorty" */ = {
			isa = XCConfigurationList;
			buildConfigurations = (
				09AA6C8528088895004B00E1 /* Debug */,
				09AA6C8628088895004B00E1 /* Release */,
			);
			defaultConfigurationIsVisible = 0;
			defaultConfigurationName = Release;
		};
		09AA6C8728088895004B00E1 /* Build configuration list for PBXNativeTarget "RickAndMorty" */ = {
			isa = XCConfigurationList;
			buildConfigurations = (
				09AA6C8828088895004B00E1 /* Debug */,
				09AA6C8928088895004B00E1 /* Release */,
			);
			defaultConfigurationIsVisible = 0;
			defaultConfigurationName = Release;
		};
/* End XCConfigurationList section */
	};
	rootObject = 09AA6C6B28088894004B00E1 /* Project object */;
}
